
Microsoft Visual Studio Solution File, Format Version 12.00
# Visual Studio Version 16
VisualStudioVersion = 16.0.28729.10
MinimumVisualStudioVersion = 10.0.40219.1
Project("{8BC9CEB8-8B4A-11D0-8D11-00A0C91BC942}") = "PasswordChangerForVHD", "PasswordChangerForVHD\PasswordChangerForVHD.vcxproj", "{A29FF2C9-9569-4A2C-BD1F-58C65481FA94}"
EndProject
Project("{2150E333-8FDC-42A3-9474-1A3956D46DE8}") = "Utils", "Utils", "{57033044-DF63-4E5A-8E89-0C4EC06E8630}"
EndProject
Project("{8BC9CEB8-8B4A-11D0-8D11-00A0C91BC942}") = "Getopt__dll", "Utils\getopt_mb_uni_vc10_dll.vcxproj", "{4BBAEAA1-9AD1-42D2-B6DC-7F73C4B3D238}"
EndProject
Project("{8BC9CEB8-8B4A-11D0-8D11-00A0C91BC942}") = "LibRegistry", "Utils\LibRegistry\LibRegistry.vcxproj", "{6ADA54CF-BB39-42D1-8529-7AF7F571CF8F}"
EndProject
Global
	GlobalSection(SolutionConfigurationPlatforms) = preSolution
		Debug Dll|x64 = Debug Dll|x64
		Debug Dll|x86 = Debug Dll|x86
		Debug Lib|x64 = Debug Lib|x64
		Debug Lib|x86 = Debug Lib|x86
		Debug|x64 = Debug|x64
		Debug|x86 = Debug|x86
		Release Dll|x64 = Release Dll|x64
		Release Dll|x86 = Release Dll|x86
		Release Lib|x64 = Release Lib|x64
		Release Lib|x86 = Release Lib|x86
		Release|x64 = Release|x64
		Release|x86 = Release|x86
	EndGlobalSection
	GlobalSection(ProjectConfigurationPlatforms) = postSolution
		{A29FF2C9-9569-4A2C-BD1F-58C65481FA94}.Debug Dll|x64.ActiveCfg = Debug|x64
		{A29FF2C9-9569-4A2C-BD1F-58C65481FA94}.Debug Dll|x64.Build.0 = Debug|x64
		{A29FF2C9-9569-4A2C-BD1F-58C65481FA94}.Debug Dll|x86.ActiveCfg = Debug|Win32
		{A29FF2C9-9569-4A2C-BD1F-58C65481FA94}.Debug Dll|x86.Build.0 = Debug|Win32
		{A29FF2C9-9569-4A2C-BD1F-58C65481FA94}.Debug Lib|x64.ActiveCfg = Debug|x64
		{A29FF2C9-9569-4A2C-BD1F-58C65481FA94}.Debug Lib|x64.Build.0 = Debug|x64
		{A29FF2C9-9569-4A2C-BD1F-58C65481FA94}.Debug Lib|x86.ActiveCfg = Debug|Win32
		{A29FF2C9-9569-4A2C-BD1F-58C65481FA94}.Debug Lib|x86.Build.0 = Debug|Win32
		{A29FF2C9-9569-4A2C-BD1F-58C65481FA94}.Debug|x64.ActiveCfg = Debug|x64
		{A29FF2C9-9569-4A2C-BD1F-58C65481FA94}.Debug|x64.Build.0 = Debug|x64
		{A29FF2C9-9569-4A2C-BD1F-58C65481FA94}.Debug|x86.ActiveCfg = Debug|Win32
		{A29FF2C9-9569-4A2C-BD1F-58C65481FA94}.Debug|x86.Build.0 = Debug|Win32
		{A29FF2C9-9569-4A2C-BD1F-58C65481FA94}.Release Dll|x64.ActiveCfg = Release|x64
		{A29FF2C9-9569-4A2C-BD1F-58C65481FA94}.Release Dll|x64.Build.0 = Release|x64
		{A29FF2C9-9569-4A2C-BD1F-58C65481FA94}.Release Dll|x86.ActiveCfg = Release|Win32
		{A29FF2C9-9569-4A2C-BD1F-58C65481FA94}.Release Dll|x86.Build.0 = Release|Win32
		{A29FF2C9-9569-4A2C-BD1F-58C65481FA94}.Release Lib|x64.ActiveCfg = Release|x64
		{A29FF2C9-9569-4A2C-BD1F-58C65481FA94}.Release Lib|x64.Build.0 = Release|x64
		{A29FF2C9-9569-4A2C-BD1F-58C65481FA94}.Release Lib|x86.ActiveCfg = Release|Win32
		{A29FF2C9-9569-4A2C-BD1F-58C65481FA94}.Release Lib|x86.Build.0 = Release|Win32
		{A29FF2C9-9569-4A2C-BD1F-58C65481FA94}.Release|x64.ActiveCfg = Release|x64
		{A29FF2C9-9569-4A2C-BD1F-58C65481FA94}.Release|x64.Build.0 = Release|x64
		{A29FF2C9-9569-4A2C-BD1F-58C65481FA94}.Release|x86.ActiveCfg = Release|Win32
		{A29FF2C9-9569-4A2C-BD1F-58C65481FA94}.Release|x86.Build.0 = Release|Win32
		{4BBAEAA1-9AD1-42D2-B6DC-7F73C4B3D238}.Debug Dll|x64.ActiveCfg = Debug Dll|Win32
		{4BBAEAA1-9AD1-42D2-B6DC-7F73C4B3D238}.Debug Dll|x86.ActiveCfg = Debug Dll|Win32
		{4BBAEAA1-9AD1-42D2-B6DC-7F73C4B3D238}.Debug Dll|x86.Build.0 = Debug Dll|Win32
		{4BBAEAA1-9AD1-42D2-B6DC-7F73C4B3D238}.Debug Lib|x64.ActiveCfg = Debug Lib|Win32
		{4BBAEAA1-9AD1-42D2-B6DC-7F73C4B3D238}.Debug Lib|x86.ActiveCfg = Debug Lib|Win32
		{4BBAEAA1-9AD1-42D2-B6DC-7F73C4B3D238}.Debug Lib|x86.Build.0 = Debug Lib|Win32
		{4BBAEAA1-9AD1-42D2-B6DC-7F73C4B3D238}.Debug|x64.ActiveCfg = Debug Dll|x64
		{4BBAEAA1-9AD1-42D2-B6DC-7F73C4B3D238}.Debug|x64.Build.0 = Debug Dll|x64
		{4BBAEAA1-9AD1-42D2-B6DC-7F73C4B3D238}.Debug|x86.ActiveCfg = Debug Dll|Win32
		{4BBAEAA1-9AD1-42D2-B6DC-7F73C4B3D238}.Debug|x86.Build.0 = Debug Dll|Win32
		{4BBAEAA1-9AD1-42D2-B6DC-7F73C4B3D238}.Release Dll|x64.ActiveCfg = Release Dll|Win32
		{4BBAEAA1-9AD1-42D2-B6DC-7F73C4B3D238}.Release Dll|x86.ActiveCfg = Release Dll|Win32
		{4BBAEAA1-9AD1-42D2-B6DC-7F73C4B3D238}.Release Dll|x86.Build.0 = Release Dll|Win32
		{4BBAEAA1-9AD1-42D2-B6DC-7F73C4B3D238}.Release Lib|x64.ActiveCfg = Release Lib|Win32
		{4BBAEAA1-9AD1-42D2-B6DC-7F73C4B3D238}.Release Lib|x86.ActiveCfg = Release Lib|Win32
		{4BBAEAA1-9AD1-42D2-B6DC-7F73C4B3D238}.Release Lib|x86.Build.0 = Release Lib|Win32
		{4BBAEAA1-9AD1-42D2-B6DC-7F73C4B3D238}.Release|x64.ActiveCfg = Debug Dll|Win32
		{4BBAEAA1-9AD1-42D2-B6DC-7F73C4B3D238}.Release|x64.Build.0 = Debug Dll|Win32
		{4BBAEAA1-9AD1-42D2-B6DC-7F73C4B3D238}.Release|x86.ActiveCfg = Release Lib|Win32
		{4BBAEAA1-9AD1-42D2-B6DC-7F73C4B3D238}.Release|x86.Build.0 = Release Lib|Win32
		{6ADA54CF-BB39-42D1-8529-7AF7F571CF8F}.Debug Dll|x64.ActiveCfg = Debug|x64
		{6ADA54CF-BB39-42D1-8529-7AF7F571CF8F}.Debug Dll|x64.Build.0 = Debug|x64
		{6ADA54CF-BB39-42D1-8529-7AF7F571CF8F}.Debug Dll|x86.ActiveCfg = Debug|Win32
		{6ADA54CF-BB39-42D1-8529-7AF7F571CF8F}.Debug Dll|x86.Build.0 = Debug|Win32
		{6ADA54CF-BB39-42D1-8529-7AF7F571CF8F}.Debug Lib|x64.ActiveCfg = Debug|x64
		{6ADA54CF-BB39-42D1-8529-7AF7F571CF8F}.Debug Lib|x64.Build.0 = Debug|x64
		{6ADA54CF-BB39-42D1-8529-7AF7F571CF8F}.Debug Lib|x86.ActiveCfg = Debug|Win32
		{6ADA54CF-BB39-42D1-8529-7AF7F571CF8F}.Debug Lib|x86.Build.0 = Debug|Win32
		{6ADA54CF-BB39-42D1-8529-7AF7F571CF8F}.Debug|x64.ActiveCfg = Debug|x64
		{6ADA54CF-BB39-42D1-8529-7AF7F571CF8F}.Debug|x64.Build.0 = Debug|x64
		{6ADA54CF-BB39-42D1-8529-7AF7F571CF8F}.Debug|x86.ActiveCfg = Debug|Win32
		{6ADA54CF-BB39-42D1-8529-7AF7F571CF8F}.Debug|x86.Build.0 = Debug|Win32
		{6ADA54CF-BB39-42D1-8529-7AF7F571CF8F}.Release Dll|x64.ActiveCfg = Release|x64
		{6ADA54CF-BB39-42D1-8529-7AF7F571CF8F}.Release Dll|x64.Build.0 = Release|x64
		{6ADA54CF-BB39-42D1-8529-7AF7F571CF8F}.Release Dll|x86.ActiveCfg = Release|Win32
		{6ADA54CF-BB39-42D1-8529-7AF7F571CF8F}.Release Dll|x86.Build.0 = Release|Win32
		{6ADA54CF-BB39-42D1-8529-7AF7F571CF8F}.Release Lib|x64.ActiveCfg = Release|x64
		{6ADA54CF-BB39-42D1-8529-7AF7F571CF8F}.Release Lib|x64.Build.0 = Release|x64
		{6ADA54CF-BB39-42D1-8529-7AF7F571CF8F}.Release Lib|x86.ActiveCfg = Release|Win32
		{6ADA54CF-BB39-42D1-8529-7AF7F571CF8F}.Release Lib|x86.Build.0 = Release|Win32
		{6ADA54CF-BB39-42D1-8529-7AF7F571CF8F}.Release|x64.ActiveCfg = Release|x64
		{6ADA54CF-BB39-42D1-8529-7AF7F571CF8F}.Release|x64.Build.0 = Release|x64
		{6ADA54CF-BB39-42D1-8529-7AF7F571CF8F}.Release|x86.ActiveCfg = Release|Win32
		{6ADA54CF-BB39-42D1-8529-7AF7F571CF8F}.Release|x86.Build.0 = Release|Win32
	EndGlobalSection
	GlobalSection(SolutionProperties) = preSolution
		HideSolutionNode = FALSE
	EndGlobalSection
	GlobalSection(NestedProjects) = preSolution
		{4BBAEAA1-9AD1-42D2-B6DC-7F73C4B3D238} = {57033044-DF63-4E5A-8E89-0C4EC06E8630}
		{6ADA54CF-BB39-42D1-8529-7AF7F571CF8F} = {57033044-DF63-4E5A-8E89-0C4EC06E8630}
	EndGlobalSection
	GlobalSection(ExtensibilityGlobals) = postSolution
		SolutionGuid = {9129DA34-6024-42BC-89EC-0C861136C291}
	EndGlobalSection
EndGlobal
